
Microsoft Visual Studio Solution File, Format Version 12.00
# Visual Studio 15
VisualStudioVersion = 15.0.26730.10
MinimumVisualStudioVersion = 10.0.40219.1
Project("{FAE04EC0-301F-11D3-BF4B-00C04F79EFBC}") = "Architect_Lab5", "Architect_Lab5\Architect_Lab5.csproj", "{B23B778A-90C1-4466-B503-E9B7DB4B15D2}"
EndProject
Global
	GlobalSection(SolutionConfigurationPlatforms) = preSolution
		Debug|Any CPU = Debug|Any CPU
		Release|Any CPU = Release|Any CPU
	EndGlobalSection
	GlobalSection(ProjectConfigurationPlatforms) = postSolution
		{B23B778A-90C1-4466-B503-E9B7DB4B15D2}.Debug|Any CPU.ActiveCfg = Debug|Any CPU
		{B23B778A-90C1-4466-B503-E9B7DB4B15D2}.Debug|Any CPU.Build.0 = Debug|Any CPU
		{B23B778A-90C1-4466-B503-E9B7DB4B15D2}.Release|Any CPU.ActiveCfg = Release|Any CPU
		{B23B778A-90C1-4466-B503-E9B7DB4B15D2}.Release|Any CPU.Build.0 = Release|Any CPU
	EndGlobalSection
	GlobalSection(SolutionProperties) = preSolution
		HideSolutionNode = FALSE
	EndGlobalSection
	GlobalSection(ExtensibilityGlobals) = postSolution
		SolutionGuid = {94FA4D01-5D31-491B-97A2-032CBBE62331}
	EndGlobalSection
EndGlobal
